
Microsoft Visual Studio Solution File, Format Version 12.00
# Visual Studio 15
VisualStudioVersion = 15.0.27130.2020
MinimumVisualStudioVersion = 10.0.40219.1
Project("{FAE04EC0-301F-11D3-BF4B-00C04F79EFBC}") = "ConsoleAppDecreasingNumbers", "ConsoleAppDecreasingNumbers\ConsoleAppDecreasingNumbers.csproj", "{B342E95A-D93F-4D27-B71E-C30971265324}"
EndProject
Global
	GlobalSection(SolutionConfigurationPlatforms) = preSolution
		Debug|Any CPU = Debug|Any CPU
		Release|Any CPU = Release|Any CPU
	EndGlobalSection
	GlobalSection(ProjectConfigurationPlatforms) = postSolution
		{B342E95A-D93F-4D27-B71E-C30971265324}.Debug|Any CPU.ActiveCfg = Debug|Any CPU
		{B342E95A-D93F-4D27-B71E-C30971265324}.Debug|Any CPU.Build.0 = Debug|Any CPU
		{B342E95A-D93F-4D27-B71E-C30971265324}.Release|Any CPU.ActiveCfg = Release|Any CPU
		{B342E95A-D93F-4D27-B71E-C30971265324}.Release|Any CPU.Build.0 = Release|Any CPU
	EndGlobalSection
	GlobalSection(SolutionProperties) = preSolution
		HideSolutionNode = FALSE
	EndGlobalSection
	GlobalSection(ExtensibilityGlobals) = postSolution
		SolutionGuid = {8FF45054-6E49-47B1-B989-1540048D566B}
	EndGlobalSection
EndGlobal
